
Microsoft Visual Studio Solution File, Format Version 12.00
# Visual Studio Version 17
VisualStudioVersion = 17.9.34607.119
MinimumVisualStudioVersion = 10.0.40219.1
Project("{FAE04EC0-301F-11D3-BF4B-00C04F79EFBC}") = "ObjectOrientedPractics", "ObjectOrientedPractics\ObjectOrientedPractics.csproj", "{D445A878-6732-46C0-B879-849ACDB25A02}"
EndProject
Global
	GlobalSection(SolutionConfigurationPlatforms) = preSolution
		Debug|Any CPU = Debug|Any CPU
		Release|Any CPU = Release|Any CPU
	EndGlobalSection
	GlobalSection(ProjectConfigurationPlatforms) = postSolution
		{D445A878-6732-46C0-B879-849ACDB25A02}.Debug|Any CPU.ActiveCfg = Debug|Any CPU
		{D445A878-6732-46C0-B879-849ACDB25A02}.Debug|Any CPU.Build.0 = Debug|Any CPU
		{D445A878-6732-46C0-B879-849ACDB25A02}.Release|Any CPU.ActiveCfg = Release|Any CPU
		{D445A878-6732-46C0-B879-849ACDB25A02}.Release|Any CPU.Build.0 = Release|Any CPU
	EndGlobalSection
	GlobalSection(SolutionProperties) = preSolution
		HideSolutionNode = FALSE
	EndGlobalSection
	GlobalSection(ExtensibilityGlobals) = postSolution
		SolutionGuid = {B2B353BD-CD34-49E7-B2E1-23C12C5BB728}
	EndGlobalSection
EndGlobal
